// !$*UTF8*$!
{
	archiveVersion = 1;
	classes = {
	};
	objectVersion = 46;
	objects = {

/* Begin PBXBuildFile section */
		4A31826C1A4FB56B007B57D3 /* PostTableViewController.m in Sources */ = {isa = PBXBuildFile; fileRef = 4A31826B1A4FB56B007B57D3 /* PostTableViewController.m */; };
		4A4158B21A52EDE1005B58B5 /* AddPostViewController.m in Sources */ = {isa = PBXBuildFile; fileRef = 4A4158B11A52EDE1005B58B5 /* AddPostViewController.m */; };
		4A4158B51A530394005B58B5 /* PostInfo.m in Sources */ = {isa = PBXBuildFile; fileRef = 4A4158B41A530394005B58B5 /* PostInfo.m */; };
		4A7C1A3E1A4E5120006551AB /* SignUpViewController.m in Sources */ = {isa = PBXBuildFile; fileRef = 4A7C1A3D1A4E5120006551AB /* SignUpViewController.m */; };
		4A7E63461A51A77B00FEA62F /* MyPostInfo.m in Sources */ = {isa = PBXBuildFile; fileRef = 4A7E63451A51A77B00FEA62F /* MyPostInfo.m */; };
		4ABB8F661A47E3B300CF816F /* LogInViewController.m in Sources */ = {isa = PBXBuildFile; fileRef = 4ABB8F651A47E3B300CF816F /* LogInViewController.m */; };
		4ABB8F691A48034500CF816F /* customTextField.m in Sources */ = {isa = PBXBuildFile; fileRef = 4ABB8F681A48034500CF816F /* customTextField.m */; };
		4ADF386E1A4F08190012B423 /* SocketHandler.m in Sources */ = {isa = PBXBuildFile; fileRef = 4ADF386D1A4F08190012B423 /* SocketHandler.m */; };
		B44CADA41A47BB2900C73D0D /* main.m in Sources */ = {isa = PBXBuildFile; fileRef = B44CADA31A47BB2900C73D0D /* main.m */; };
		B44CADA71A47BB2900C73D0D /* AppDelegate.m in Sources */ = {isa = PBXBuildFile; fileRef = B44CADA61A47BB2900C73D0D /* AppDelegate.m */; };
		B44CADAA1A47BB2900C73D0D /* CoppeWeb.xcdatamodeld in Sources */ = {isa = PBXBuildFile; fileRef = B44CADA81A47BB2900C73D0D /* CoppeWeb.xcdatamodeld */; };
		B44CADB01A47BB2900C73D0D /* Main.storyboard in Resources */ = {isa = PBXBuildFile; fileRef = B44CADAE1A47BB2900C73D0D /* Main.storyboard */; };
		B44CADB21A47BB2900C73D0D /* Images.xcassets in Resources */ = {isa = PBXBuildFile; fileRef = B44CADB11A47BB2900C73D0D /* Images.xcassets */; };
		B44CADB51A47BB2900C73D0D /* LaunchScreen.xib in Resources */ = {isa = PBXBuildFile; fileRef = B44CADB31A47BB2900C73D0D /* LaunchScreen.xib */; };
		B44CADC11A47BB2900C73D0D /* CoppeWebTests.m in Sources */ = {isa = PBXBuildFile; fileRef = B44CADC01A47BB2900C73D0D /* CoppeWebTests.m */; };
		B4F952FF1A52830A00C49E5E /* NSDate+TimeTools.m in Sources */ = {isa = PBXBuildFile; fileRef = B4F952FE1A52830A00C49E5E /* NSDate+TimeTools.m */; };
		C7D6F663EC7A763BA2211870 /* libPods.a in Frameworks */ = {isa = PBXBuildFile; fileRef = 27FB0FEE0DA3CC655F20DDE0 /* libPods.a */; };
/* End PBXBuildFile section */

/* Begin PBXContainerItemProxy section */
		B44CADBB1A47BB2900C73D0D /* PBXContainerItemProxy */ = {
			isa = PBXContainerItemProxy;
			containerPortal = B44CAD961A47BB2900C73D0D /* Project object */;
			proxyType = 1;
			remoteGlobalIDString = B44CAD9D1A47BB2900C73D0D;
			remoteInfo = CoppeWeb;
		};
/* End PBXContainerItemProxy section */

/* Begin PBXFileReference section */
		035FB0966C38BA99A530C9D0 /* Pods.debug.xcconfig */ = {isa = PBXFileReference; includeInIndex = 1; lastKnownFileType = text.xcconfig; name = Pods.debug.xcconfig; path = "Pods/Target Support Files/Pods/Pods.debug.xcconfig"; sourceTree = "<group>"; };
		27FB0FEE0DA3CC655F20DDE0 /* libPods.a */ = {isa = PBXFileReference; explicitFileType = archive.ar; includeInIndex = 0; path = libPods.a; sourceTree = BUILT_PRODUCTS_DIR; };
		4A31826A1A4FB56B007B57D3 /* PostTableViewController.h */ = {isa = PBXFileReference; fileEncoding = 4; lastKnownFileType = sourcecode.c.h; path = PostTableViewController.h; sourceTree = "<group>"; };
		4A31826B1A4FB56B007B57D3 /* PostTableViewController.m */ = {isa = PBXFileReference; fileEncoding = 4; lastKnownFileType = sourcecode.c.objc; path = PostTableViewController.m; sourceTree = "<group>"; };
		4A4158B01A52EDE1005B58B5 /* AddPostViewController.h */ = {isa = PBXFileReference; fileEncoding = 4; lastKnownFileType = sourcecode.c.h; path = AddPostViewController.h; sourceTree = "<group>"; };
		4A4158B11A52EDE1005B58B5 /* AddPostViewController.m */ = {isa = PBXFileReference; fileEncoding = 4; lastKnownFileType = sourcecode.c.objc; path = AddPostViewController.m; sourceTree = "<group>"; };
		4A4158B31A530394005B58B5 /* PostInfo.h */ = {isa = PBXFileReference; fileEncoding = 4; lastKnownFileType = sourcecode.c.h; path = PostInfo.h; sourceTree = "<group>"; };
		4A4158B41A530394005B58B5 /* PostInfo.m */ = {isa = PBXFileReference; fileEncoding = 4; lastKnownFileType = sourcecode.c.objc; path = PostInfo.m; sourceTree = "<group>"; };
		4A7C1A3C1A4E5120006551AB /* SignUpViewController.h */ = {isa = PBXFileReference; fileEncoding = 4; lastKnownFileType = sourcecode.c.h; path = SignUpViewController.h; sourceTree = "<group>"; };
		4A7C1A3D1A4E5120006551AB /* SignUpViewController.m */ = {isa = PBXFileReference; fileEncoding = 4; lastKnownFileType = sourcecode.c.objc; path = SignUpViewController.m; sourceTree = "<group>"; };
		4A7E63441A51A77B00FEA62F /* MyPostInfo.h */ = {isa = PBXFileReference; fileEncoding = 4; lastKnownFileType = sourcecode.c.h; path = MyPostInfo.h; sourceTree = "<group>"; };
		4A7E63451A51A77B00FEA62F /* MyPostInfo.m */ = {isa = PBXFileReference; fileEncoding = 4; lastKnownFileType = sourcecode.c.objc; path = MyPostInfo.m; sourceTree = "<group>"; };
		4ABB8F641A47E3B300CF816F /* LogInViewController.h */ = {isa = PBXFileReference; fileEncoding = 4; lastKnownFileType = sourcecode.c.h; path = LogInViewController.h; sourceTree = "<group>"; };
		4ABB8F651A47E3B300CF816F /* LogInViewController.m */ = {isa = PBXFileReference; fileEncoding = 4; lastKnownFileType = sourcecode.c.objc; path = LogInViewController.m; sourceTree = "<group>"; };
		4ABB8F671A48034500CF816F /* customTextField.h */ = {isa = PBXFileReference; fileEncoding = 4; lastKnownFileType = sourcecode.c.h; path = customTextField.h; sourceTree = "<group>"; };
		4ABB8F681A48034500CF816F /* customTextField.m */ = {isa = PBXFileReference; fileEncoding = 4; lastKnownFileType = sourcecode.c.objc; path = customTextField.m; sourceTree = "<group>"; };
		4ADF386C1A4F08190012B423 /* SocketHandler.h */ = {isa = PBXFileReference; fileEncoding = 4; lastKnownFileType = sourcecode.c.h; path = SocketHandler.h; sourceTree = "<group>"; };
		4ADF386D1A4F08190012B423 /* SocketHandler.m */ = {isa = PBXFileReference; fileEncoding = 4; lastKnownFileType = sourcecode.c.objc; path = SocketHandler.m; sourceTree = "<group>"; };
		B44CAD9E1A47BB2900C73D0D /* CoppeWeb.app */ = {isa = PBXFileReference; explicitFileType = wrapper.application; includeInIndex = 0; path = CoppeWeb.app; sourceTree = BUILT_PRODUCTS_DIR; };
		B44CADA21A47BB2900C73D0D /* Info.plist */ = {isa = PBXFileReference; lastKnownFileType = text.plist.xml; path = Info.plist; sourceTree = "<group>"; };
		B44CADA31A47BB2900C73D0D /* main.m */ = {isa = PBXFileReference; lastKnownFileType = sourcecode.c.objc; path = main.m; sourceTree = "<group>"; };
		B44CADA51A47BB2900C73D0D /* AppDelegate.h */ = {isa = PBXFileReference; lastKnownFileType = sourcecode.c.h; path = AppDelegate.h; sourceTree = "<group>"; };
		B44CADA61A47BB2900C73D0D /* AppDelegate.m */ = {isa = PBXFileReference; lastKnownFileType = sourcecode.c.objc; path = AppDelegate.m; sourceTree = "<group>"; };
		B44CADA91A47BB2900C73D0D /* CoppeWeb.xcdatamodel */ = {isa = PBXFileReference; lastKnownFileType = wrapper.xcdatamodel; path = CoppeWeb.xcdatamodel; sourceTree = "<group>"; };
		B44CADAF1A47BB2900C73D0D /* Base */ = {isa = PBXFileReference; lastKnownFileType = file.storyboard; name = Base; path = Base.lproj/Main.storyboard; sourceTree = "<group>"; };
		B44CADB11A47BB2900C73D0D /* Images.xcassets */ = {isa = PBXFileReference; lastKnownFileType = folder.assetcatalog; path = Images.xcassets; sourceTree = "<group>"; };
		B44CADB41A47BB2900C73D0D /* Base */ = {isa = PBXFileReference; lastKnownFileType = file.xib; name = Base; path = Base.lproj/LaunchScreen.xib; sourceTree = "<group>"; };
		B44CADBA1A47BB2900C73D0D /* CoppeWebTests.xctest */ = {isa = PBXFileReference; explicitFileType = wrapper.cfbundle; includeInIndex = 0; path = CoppeWebTests.xctest; sourceTree = BUILT_PRODUCTS_DIR; };
		B44CADBF1A47BB2900C73D0D /* Info.plist */ = {isa = PBXFileReference; lastKnownFileType = text.plist.xml; path = Info.plist; sourceTree = "<group>"; };
		B44CADC01A47BB2900C73D0D /* CoppeWebTests.m */ = {isa = PBXFileReference; lastKnownFileType = sourcecode.c.objc; path = CoppeWebTests.m; sourceTree = "<group>"; };
		B4F952FD1A52830A00C49E5E /* NSDate+TimeTools.h */ = {isa = PBXFileReference; fileEncoding = 4; lastKnownFileType = sourcecode.c.h; path = "NSDate+TimeTools.h"; sourceTree = "<group>"; };
		B4F952FE1A52830A00C49E5E /* NSDate+TimeTools.m */ = {isa = PBXFileReference; fileEncoding = 4; lastKnownFileType = sourcecode.c.objc; path = "NSDate+TimeTools.m"; sourceTree = "<group>"; };
		E61E4AA2F746276C1F90515A /* Pods.release.xcconfig */ = {isa = PBXFileReference; includeInIndex = 1; lastKnownFileType = text.xcconfig; name = Pods.release.xcconfig; path = "Pods/Target Support Files/Pods/Pods.release.xcconfig"; sourceTree = "<group>"; };
/* End PBXFileReference section */

/* Begin PBXFrameworksBuildPhase section */
		B44CAD9B1A47BB2900C73D0D /* Frameworks */ = {
			isa = PBXFrameworksBuildPhase;
			buildActionMask = 2147483647;
			files = (
				C7D6F663EC7A763BA2211870 /* libPods.a in Frameworks */,
			);
			runOnlyForDeploymentPostprocessing = 0;
		};
		B44CADB71A47BB2900C73D0D /* Frameworks */ = {
			isa = PBXFrameworksBuildPhase;
			buildActionMask = 2147483647;
			files = (
			);
			runOnlyForDeploymentPostprocessing = 0;
		};
/* End PBXFrameworksBuildPhase section */

/* Begin PBXGroup section */
		3F3B14D4E24C4AF5D59D7ED3 /* Pods */ = {
			isa = PBXGroup;
			children = (
				035FB0966C38BA99A530C9D0 /* Pods.debug.xcconfig */,
				E61E4AA2F746276C1F90515A /* Pods.release.xcconfig */,
			);
			name = Pods;
			sourceTree = "<group>";
		};
		4A3182741A503983007B57D3 /* LogIn_signUp */ = {
			isa = PBXGroup;
			children = (
				4ABB8F641A47E3B300CF816F /* LogInViewController.h */,
				4ABB8F651A47E3B300CF816F /* LogInViewController.m */,
			);
			name = LogIn_signUp;
			sourceTree = "<group>";
		};
		4A3182751A5039C6007B57D3 /* Post */ = {
			isa = PBXGroup;
			children = (
				4A31826A1A4FB56B007B57D3 /* PostTableViewController.h */,
				4A31826B1A4FB56B007B57D3 /* PostTableViewController.m */,
				4A4158B01A52EDE1005B58B5 /* AddPostViewController.h */,
				4A4158B11A52EDE1005B58B5 /* AddPostViewController.m */,
			);
			name = Post;
			sourceTree = "<group>";
		};
		4A7E63471A51A78800FEA62F /* coreData */ = {
			isa = PBXGroup;
			children = (
				4A4158B31A530394005B58B5 /* PostInfo.h */,
				4A4158B41A530394005B58B5 /* PostInfo.m */,
				4A7E63441A51A77B00FEA62F /* MyPostInfo.h */,
				4A7E63451A51A77B00FEA62F /* MyPostInfo.m */,
			);
			name = coreData;
			sourceTree = "<group>";
		};
		5B7BFD2620A6D95C4F31C260 /* Frameworks */ = {
			isa = PBXGroup;
			children = (
				27FB0FEE0DA3CC655F20DDE0 /* libPods.a */,
			);
			name = Frameworks;
			sourceTree = "<group>";
		};
		B44CAD951A47BB2900C73D0D = {
			isa = PBXGroup;
			children = (
				B44CADA01A47BB2900C73D0D /* CoppeWeb */,
				B44CADBD1A47BB2900C73D0D /* CoppeWebTests */,
				B44CAD9F1A47BB2900C73D0D /* Products */,
				3F3B14D4E24C4AF5D59D7ED3 /* Pods */,
				5B7BFD2620A6D95C4F31C260 /* Frameworks */,
			);
			sourceTree = "<group>";
		};
		B44CAD9F1A47BB2900C73D0D /* Products */ = {
			isa = PBXGroup;
			children = (
				B44CAD9E1A47BB2900C73D0D /* CoppeWeb.app */,
				B44CADBA1A47BB2900C73D0D /* CoppeWebTests.xctest */,
			);
			name = Products;
			sourceTree = "<group>";
		};
		B44CADA01A47BB2900C73D0D /* CoppeWeb */ = {
			isa = PBXGroup;
			children = (
				4A7E63471A51A78800FEA62F /* coreData */,
				4A3182751A5039C6007B57D3 /* Post */,
				4A3182741A503983007B57D3 /* LogIn_signUp */,
				B44CADAE1A47BB2900C73D0D /* Main.storyboard */,
				B4F952FD1A52830A00C49E5E /* NSDate+TimeTools.h */,
				B4F952FE1A52830A00C49E5E /* NSDate+TimeTools.m */,
				4A7C1A3C1A4E5120006551AB /* SignUpViewController.h */,
				4A7C1A3D1A4E5120006551AB /* SignUpViewController.m */,
				B44CADB11A47BB2900C73D0D /* Images.xcassets */,
				B44CADB31A47BB2900C73D0D /* LaunchScreen.xib */,
				B44CADA81A47BB2900C73D0D /* CoppeWeb.xcdatamodeld */,
				4ABB8F671A48034500CF816F /* customTextField.h */,
				4ABB8F681A48034500CF816F /* customTextField.m */,
				4ADF386C1A4F08190012B423 /* SocketHandler.h */,
				4ADF386D1A4F08190012B423 /* SocketHandler.m */,
				B44CADA11A47BB2900C73D0D /* Supporting Files */,
			);
			path = CoppeWeb;
			sourceTree = "<group>";
		};
		B44CADA11A47BB2900C73D0D /* Supporting Files */ = {
			isa = PBXGroup;
			children = (
				B44CADA51A47BB2900C73D0D /* AppDelegate.h */,
				B44CADA61A47BB2900C73D0D /* AppDelegate.m */,
				B44CADA21A47BB2900C73D0D /* Info.plist */,
				B44CADA31A47BB2900C73D0D /* main.m */,
			);
			name = "Supporting Files";
			sourceTree = "<group>";
		};
		B44CADBD1A47BB2900C73D0D /* CoppeWebTests */ = {
			isa = PBXGroup;
			children = (
				B44CADC01A47BB2900C73D0D /* CoppeWebTests.m */,
				B44CADBE1A47BB2900C73D0D /* Supporting Files */,
			);
			path = CoppeWebTests;
			sourceTree = "<group>";
		};
		B44CADBE1A47BB2900C73D0D /* Supporting Files */ = {
			isa = PBXGroup;
			children = (
				B44CADBF1A47BB2900C73D0D /* Info.plist */,
			);
			name = "Supporting Files";
			sourceTree = "<group>";
		};
/* End PBXGroup section */

/* Begin PBXNativeTarget section */
		B44CAD9D1A47BB2900C73D0D /* CoppeWeb */ = {
			isa = PBXNativeTarget;
			buildConfigurationList = B44CADC41A47BB2900C73D0D /* Build configuration list for PBXNativeTarget "CoppeWeb" */;
			buildPhases = (
				588E387B39AF14B5311D89D1 /* Check Pods Manifest.lock */,
				B44CAD9A1A47BB2900C73D0D /* Sources */,
				B44CAD9B1A47BB2900C73D0D /* Frameworks */,
				B44CAD9C1A47BB2900C73D0D /* Resources */,
				A1D0969F15ACC98032D2B77C /* Copy Pods Resources */,
			);
			buildRules = (
			);
			dependencies = (
			);
			name = CoppeWeb;
			productName = CoppeWeb;
			productReference = B44CAD9E1A47BB2900C73D0D /* CoppeWeb.app */;
			productType = "com.apple.product-type.application";
		};
		B44CADB91A47BB2900C73D0D /* CoppeWebTests */ = {
			isa = PBXNativeTarget;
			buildConfigurationList = B44CADC71A47BB2900C73D0D /* Build configuration list for PBXNativeTarget "CoppeWebTests" */;
			buildPhases = (
				B44CADB61A47BB2900C73D0D /* Sources */,
				B44CADB71A47BB2900C73D0D /* Frameworks */,
				B44CADB81A47BB2900C73D0D /* Resources */,
			);
			buildRules = (
			);
			dependencies = (
				B44CADBC1A47BB2900C73D0D /* PBXTargetDependency */,
			);
			name = CoppeWebTests;
			productName = CoppeWebTests;
			productReference = B44CADBA1A47BB2900C73D0D /* CoppeWebTests.xctest */;
			productType = "com.apple.product-type.bundle.unit-test";
		};
/* End PBXNativeTarget section */

/* Begin PBXProject section */
		B44CAD961A47BB2900C73D0D /* Project object */ = {
			isa = PBXProject;
			attributes = {
				LastUpgradeCheck = 0610;
				ORGANIZATIONNAME = "Yicheng Wang";
				TargetAttributes = {
					B44CAD9D1A47BB2900C73D0D = {
						CreatedOnToolsVersion = 6.1.1;
					};
					B44CADB91A47BB2900C73D0D = {
						CreatedOnToolsVersion = 6.1.1;
						TestTargetID = B44CAD9D1A47BB2900C73D0D;
					};
				};
			};
			buildConfigurationList = B44CAD991A47BB2900C73D0D /* Build configuration list for PBXProject "CoppeWeb" */;
			compatibilityVersion = "Xcode 3.2";
			developmentRegion = English;
			hasScannedForEncodings = 0;
			knownRegions = (
				en,
				Base,
			);
			mainGroup = B44CAD951A47BB2900C73D0D;
			productRefGroup = B44CAD9F1A47BB2900C73D0D /* Products */;
			projectDirPath = "";
			projectRoot = "";
			targets = (
				B44CAD9D1A47BB2900C73D0D /* CoppeWeb */,
				B44CADB91A47BB2900C73D0D /* CoppeWebTests */,
			);
		};
/* End PBXProject section */

/* Begin PBXResourcesBuildPhase section */
		B44CAD9C1A47BB2900C73D0D /* Resources */ = {
			isa = PBXResourcesBuildPhase;
			buildActionMask = 2147483647;
			files = (
				B44CADB01A47BB2900C73D0D /* Main.storyboard in Resources */,
				B44CADB51A47BB2900C73D0D /* LaunchScreen.xib in Resources */,
				B44CADB21A47BB2900C73D0D /* Images.xcassets in Resources */,
			);
			runOnlyForDeploymentPostprocessing = 0;
		};
		B44CADB81A47BB2900C73D0D /* Resources */ = {
			isa = PBXResourcesBuildPhase;
			buildActionMask = 2147483647;
			files = (
			);
			runOnlyForDeploymentPostprocessing = 0;
		};
/* End PBXResourcesBuildPhase section */

/* Begin PBXShellScriptBuildPhase section */
		588E387B39AF14B5311D89D1 /* Check Pods Manifest.lock */ = {
			isa = PBXShellScriptBuildPhase;
			buildActionMask = 2147483647;
			files = (
			);
			inputPaths = (
			);
			name = "Check Pods Manifest.lock";
			outputPaths = (
			);
			runOnlyForDeploymentPostprocessing = 0;
			shellPath = /bin/sh;
			shellScript = "diff \"${PODS_ROOT}/../Podfile.lock\" \"${PODS_ROOT}/Manifest.lock\" > /dev/null\nif [[ $? != 0 ]] ; then\n    cat << EOM\nerror: The sandbox is not in sync with the Podfile.lock. Run 'pod install' or update your CocoaPods installation.\nEOM\n    exit 1\nfi\n";
			showEnvVarsInLog = 0;
		};
		A1D0969F15ACC98032D2B77C /* Copy Pods Resources */ = {
			isa = PBXShellScriptBuildPhase;
			buildActionMask = 2147483647;
			files = (
			);
			inputPaths = (
			);
			name = "Copy Pods Resources";
			outputPaths = (
			);
			runOnlyForDeploymentPostprocessing = 0;
			shellPath = /bin/sh;
			shellScript = "\"${SRCROOT}/Pods/Target Support Files/Pods/Pods-resources.sh\"\n";
			showEnvVarsInLog = 0;
		};
/* End PBXShellScriptBuildPhase section */

/* Begin PBXSourcesBuildPhase section */
		B44CAD9A1A47BB2900C73D0D /* Sources */ = {
			isa = PBXSourcesBuildPhase;
			buildActionMask = 2147483647;
			files = (
				4A7E63461A51A77B00FEA62F /* MyPostInfo.m in Sources */,
				4ABB8F661A47E3B300CF816F /* LogInViewController.m in Sources */,
				B4F952FF1A52830A00C49E5E /* NSDate+TimeTools.m in Sources */,
				4A31826C1A4FB56B007B57D3 /* PostTableViewController.m in Sources */,
				4A4158B21A52EDE1005B58B5 /* AddPostViewController.m in Sources */,
				B44CADAA1A47BB2900C73D0D /* CoppeWeb.xcdatamodeld in Sources */,
				4A7C1A3E1A4E5120006551AB /* SignUpViewController.m in Sources */,
				4ADF386E1A4F08190012B423 /* SocketHandler.m in Sources */,
				B44CADA71A47BB2900C73D0D /* AppDelegate.m in Sources */,
				4ABB8F691A48034500CF816F /* customTextField.m in Sources */,
				B44CADA41A47BB2900C73D0D /* main.m in Sources */,
				4A4158B51A530394005B58B5 /* PostInfo.m in Sources */,
			);
			runOnlyForDeploymentPostprocessing = 0;
		};
		B44CADB61A47BB2900C73D0D /* Sources */ = {
			isa = PBXSourcesBuildPhase;
			buildActionMask = 2147483647;
			files = (
				B44CADC11A47BB2900C73D0D /* CoppeWebTests.m in Sources */,
			);
			runOnlyForDeploymentPostprocessing = 0;
		};
/* End PBXSourcesBuildPhase section */

/* Begin PBXTargetDependency section */
		B44CADBC1A47BB2900C73D0D /* PBXTargetDependency */ = {
			isa = PBXTargetDependency;
			target = B44CAD9D1A47BB2900C73D0D /* CoppeWeb */;
			targetProxy = B44CADBB1A47BB2900C73D0D /* PBXContainerItemProxy */;
		};
/* End PBXTargetDependency section */

/* Begin PBXVariantGroup section */
		B44CADAE1A47BB2900C73D0D /* Main.storyboard */ = {
			isa = PBXVariantGroup;
			children = (
				B44CADAF1A47BB2900C73D0D /* Base */,
			);
			name = Main.storyboard;
			sourceTree = "<group>";
		};
		B44CADB31A47BB2900C73D0D /* LaunchScreen.xib */ = {
			isa = PBXVariantGroup;
			children = (
				B44CADB41A47BB2900C73D0D /* Base */,
			);
			name = LaunchScreen.xib;
			sourceTree = "<group>";
		};
/* End PBXVariantGroup section */

/* Begin XCBuildConfiguration section */
		B44CADC21A47BB2900C73D0D /* Debug */ = {
			isa = XCBuildConfiguration;
			buildSettings = {
				ALWAYS_SEARCH_USER_PATHS = NO;
				CLANG_CXX_LANGUAGE_STANDARD = "gnu++0x";
				CLANG_CXX_LIBRARY = "libc++";
				CLANG_ENABLE_MODULES = YES;
				CLANG_ENABLE_OBJC_ARC = YES;
				CLANG_WARN_BOOL_CONVERSION = YES;
				CLANG_WARN_CONSTANT_CONVERSION = YES;
				CLANG_WARN_DIRECT_OBJC_ISA_USAGE = YES_ERROR;
				CLANG_WARN_EMPTY_BODY = YES;
				CLANG_WARN_ENUM_CONVERSION = YES;
				CLANG_WARN_INT_CONVERSION = YES;
				CLANG_WARN_OBJC_ROOT_CLASS = YES_ERROR;
				CLANG_WARN_UNREACHABLE_CODE = YES;
				CLANG_WARN__DUPLICATE_METHOD_MATCH = YES;
				"CODE_SIGN_IDENTITY[sdk=iphoneos*]" = "iPhone Developer";
				COPY_PHASE_STRIP = NO;
				ENABLE_STRICT_OBJC_MSGSEND = YES;
				GCC_C_LANGUAGE_STANDARD = gnu99;
				GCC_DYNAMIC_NO_PIC = NO;
				GCC_OPTIMIZATION_LEVEL = 0;
				GCC_PREPROCESSOR_DEFINITIONS = (
					"DEBUG=1",
					"$(inherited)",
				);
				GCC_SYMBOLS_PRIVATE_EXTERN = NO;
				GCC_WARN_64_TO_32_BIT_CONVERSION = YES;
				GCC_WARN_ABOUT_RETURN_TYPE = YES_ERROR;
				GCC_WARN_UNDECLARED_SELECTOR = YES;
				GCC_WARN_UNINITIALIZED_AUTOS = YES_AGGRESSIVE;
				GCC_WARN_UNUSED_FUNCTION = YES;
				GCC_WARN_UNUSED_VARIABLE = YES;
				IPHONEOS_DEPLOYMENT_TARGET = 8.1;
				MTL_ENABLE_DEBUG_INFO = YES;
				ONLY_ACTIVE_ARCH = YES;
				SDKROOT = iphoneos;
				TARGETED_DEVICE_FAMILY = "1,2";
			};
			name = Debug;
		};
		B44CADC31A47BB2900C73D0D /* Release */ = {
			isa = XCBuildConfiguration;
			buildSettings = {
				ALWAYS_SEARCH_USER_PATHS = NO;
				CLANG_CXX_LANGUAGE_STANDARD = "gnu++0x";
				CLANG_CXX_LIBRARY = "libc++";
				CLANG_ENABLE_MODULES = YES;
				CLANG_ENABLE_OBJC_ARC = YES;
				CLANG_WARN_BOOL_CONVERSION = YES;
				CLANG_WARN_CONSTANT_CONVERSION = YES;
				CLANG_WARN_DIRECT_OBJC_ISA_USAGE = YES_ERROR;
				CLANG_WARN_EMPTY_BODY = YES;
				CLANG_WARN_ENUM_CONVERSION = YES;
				CLANG_WARN_INT_CONVERSION = YES;
				CLANG_WARN_OBJC_ROOT_CLASS = YES_ERROR;
				CLANG_WARN_UNREACHABLE_CODE = YES;
				CLANG_WARN__DUPLICATE_METHOD_MATCH = YES;
				"CODE_SIGN_IDENTITY[sdk=iphoneos*]" = "iPhone Developer";
				COPY_PHASE_STRIP = YES;
				ENABLE_NS_ASSERTIONS = NO;
				ENABLE_STRICT_OBJC_MSGSEND = YES;
				GCC_C_LANGUAGE_STANDARD = gnu99;
				GCC_WARN_64_TO_32_BIT_CONVERSION = YES;
				GCC_WARN_ABOUT_RETURN_TYPE = YES_ERROR;
				GCC_WARN_UNDECLARED_SELECTOR = YES;
				GCC_WARN_UNINITIALIZED_AUTOS = YES_AGGRESSIVE;
				GCC_WARN_UNUSED_FUNCTION = YES;
				GCC_WARN_UNUSED_VARIABLE = YES;
				IPHONEOS_DEPLOYMENT_TARGET = 8.1;
				MTL_ENABLE_DEBUG_INFO = NO;
				SDKROOT = iphoneos;
				TARGETED_DEVICE_FAMILY = "1,2";
				VALIDATE_PRODUCT = YES;
			};
			name = Release;
		};
		B44CADC51A47BB2900C73D0D /* Debug */ = {
			isa = XCBuildConfiguration;
			baseConfigurationReference = 035FB0966C38BA99A530C9D0 /* Pods.debug.xcconfig */;
			buildSettings = {
				ASSETCATALOG_COMPILER_APPICON_NAME = AppIcon;
				INFOPLIST_FILE = CoppeWeb/Info.plist;
				LD_RUNPATH_SEARCH_PATHS = "$(inherited) @executable_path/Frameworks";
				PRODUCT_NAME = "$(TARGET_NAME)";
			};
			name = Debug;
		};
		B44CADC61A47BB2900C73D0D /* Release */ = {
			isa = XCBuildConfiguration;
			baseConfigurationReference = E61E4AA2F746276C1F90515A /* Pods.release.xcconfig */;
			buildSettings = {
				ASSETCATALOG_COMPILER_APPICON_NAME = AppIcon;
				INFOPLIST_FILE = CoppeWeb/Info.plist;
				LD_RUNPATH_SEARCH_PATHS = "$(inherited) @executable_path/Frameworks";
				PRODUCT_NAME = "$(TARGET_NAME)";
			};
			name = Release;
		};
		B44CADC81A47BB2900C73D0D /* Debug */ = {
			isa = XCBuildConfiguration;
			buildSettings = {
				BUNDLE_LOADER = "$(TEST_HOST)";
				FRAMEWORK_SEARCH_PATHS = (
					"$(SDKROOT)/Developer/Library/Frameworks",
					"$(inherited)",
				);
				GCC_PREPROCESSOR_DEFINITIONS = (
					"DEBUG=1",
					"$(inherited)",
				);
				INFOPLIST_FILE = CoppeWebTests/Info.plist;
				LD_RUNPATH_SEARCH_PATHS = "$(inherited) @executable_path/Frameworks @loader_path/Frameworks";
				PRODUCT_NAME = "$(TARGET_NAME)";
				TEST_HOST = "$(BUILT_PRODUCTS_DIR)/CoppeWeb.app/CoppeWeb";
			};
			name = Debug;
		};
		B44CADC91A47BB2900C73D0D /* Release */ = {
			isa = XCBuildConfiguration;
			buildSettings = {
				BUNDLE_LOADER = "$(TEST_HOST)";
				FRAMEWORK_SEARCH_PATHS = (
					"$(SDKROOT)/Developer/Library/Frameworks",
					"$(inherited)",
				);
				INFOPLIST_FILE = CoppeWebTests/Info.plist;
				LD_RUNPATH_SEARCH_PATHS = "$(inherited) @executable_path/Frameworks @loader_path/Frameworks";
				PRODUCT_NAME = "$(TARGET_NAME)";
				TEST_HOST = "$(BUILT_PRODUCTS_DIR)/CoppeWeb.app/CoppeWeb";
			};
			name = Release;
		};
/* End XCBuildConfiguration section */

/* Begin XCConfigurationList section */
		B44CAD991A47BB2900C73D0D /* Build configuration list for PBXProject "CoppeWeb" */ = {
			isa = XCConfigurationList;
			buildConfigurations = (
				B44CADC21A47BB2900C73D0D /* Debug */,
				B44CADC31A47BB2900C73D0D /* Release */,
			);
			defaultConfigurationIsVisible = 0;
			defaultConfigurationName = Release;
		};
		B44CADC41A47BB2900C73D0D /* Build configuration list for PBXNativeTarget "CoppeWeb" */ = {
			isa = XCConfigurationList;
			buildConfigurations = (
				B44CADC51A47BB2900C73D0D /* Debug */,
				B44CADC61A47BB2900C73D0D /* Release */,
			);
			defaultConfigurationIsVisible = 0;
			defaultConfigurationName = Release;
		};
		B44CADC71A47BB2900C73D0D /* Build configuration list for PBXNativeTarget "CoppeWebTests" */ = {
			isa = XCConfigurationList;
			buildConfigurations = (
				B44CADC81A47BB2900C73D0D /* Debug */,
				B44CADC91A47BB2900C73D0D /* Release */,
			);
			defaultConfigurationIsVisible = 0;
			defaultConfigurationName = Release;
		};
/* End XCConfigurationList section */

/* Begin XCVersionGroup section */
		B44CADA81A47BB2900C73D0D /* CoppeWeb.xcdatamodeld */ = {
			isa = XCVersionGroup;
			children = (
				B44CADA91A47BB2900C73D0D /* CoppeWeb.xcdatamodel */,
			);
			currentVersion = B44CADA91A47BB2900C73D0D /* CoppeWeb.xcdatamodel */;
			path = CoppeWeb.xcdatamodeld;
			sourceTree = "<group>";
			versionGroupType = wrapper.xcdatamodel;
		};
/* End XCVersionGroup section */
	};
	rootObject = B44CAD961A47BB2900C73D0D /* Project object */;
}
